
Microsoft Visual Studio Solution File, Format Version 12.00
# Visual Studio Version 17
VisualStudioVersion = 17.9.34607.119
MinimumVisualStudioVersion = 10.0.40219.1
Project("{8BC9CEB8-8B4A-11D0-8D11-00A0C91BC942}") = "DLLImport", "DLLImport\DLLImport.vcxproj", "{E1D1DE16-71B9-4A40-BFB1-72295B3F3E18}"
EndProject
Project("{8BC9CEB8-8B4A-11D0-8D11-00A0C91BC942}") = "DLLExport1", "DLLExport1\DLLExport1.vcxproj", "{1A0797A5-6BC8-4E3C-BB4D-C39078B3D1D6}"
EndProject
Project("{8BC9CEB8-8B4A-11D0-8D11-00A0C91BC942}") = "TypeInfo", "TypeInfo\TypeInfo.vcxproj", "{B4CF2FB3-CA15-4CEA-82D1-B0173E01FBD2}"
EndProject
Project("{8BC9CEB8-8B4A-11D0-8D11-00A0C91BC942}") = "Job", "Job\Job.vcxproj", "{CCC88CD7-9B9E-4D8A-A0D2-E320ABC54084}"
EndProject
Project("{8BC9CEB8-8B4A-11D0-8D11-00A0C91BC942}") = "FileDialog", "FileDialog\FileDialog.vcxproj", "{258613E9-33E6-473D-8DE6-7731603789A2}"
EndProject
Project("{8BC9CEB8-8B4A-11D0-8D11-00A0C91BC942}") = "TopologicalSort", "TopologicalSort\TopologicalSort.vcxproj", "{7D3922CB-3048-406B-AD39-C3B9CC5A37B1}"
EndProject
Global
	GlobalSection(SolutionConfigurationPlatforms) = preSolution
		Debug|x64 = Debug|x64
		Debug|x86 = Debug|x86
		Release|x64 = Release|x64
		Release|x86 = Release|x86
	EndGlobalSection
	GlobalSection(ProjectConfigurationPlatforms) = postSolution
		{E1D1DE16-71B9-4A40-BFB1-72295B3F3E18}.Debug|x64.ActiveCfg = Debug|x64
		{E1D1DE16-71B9-4A40-BFB1-72295B3F3E18}.Debug|x64.Build.0 = Debug|x64
		{E1D1DE16-71B9-4A40-BFB1-72295B3F3E18}.Debug|x86.ActiveCfg = Debug|Win32
		{E1D1DE16-71B9-4A40-BFB1-72295B3F3E18}.Debug|x86.Build.0 = Debug|Win32
		{E1D1DE16-71B9-4A40-BFB1-72295B3F3E18}.Release|x64.ActiveCfg = Release|x64
		{E1D1DE16-71B9-4A40-BFB1-72295B3F3E18}.Release|x64.Build.0 = Release|x64
		{E1D1DE16-71B9-4A40-BFB1-72295B3F3E18}.Release|x86.ActiveCfg = Release|Win32
		{E1D1DE16-71B9-4A40-BFB1-72295B3F3E18}.Release|x86.Build.0 = Release|Win32
		{1A0797A5-6BC8-4E3C-BB4D-C39078B3D1D6}.Debug|x64.ActiveCfg = Debug|x64
		{1A0797A5-6BC8-4E3C-BB4D-C39078B3D1D6}.Debug|x64.Build.0 = Debug|x64
		{1A0797A5-6BC8-4E3C-BB4D-C39078B3D1D6}.Debug|x86.ActiveCfg = Debug|Win32
		{1A0797A5-6BC8-4E3C-BB4D-C39078B3D1D6}.Debug|x86.Build.0 = Debug|Win32
		{1A0797A5-6BC8-4E3C-BB4D-C39078B3D1D6}.Release|x64.ActiveCfg = Release|x64
		{1A0797A5-6BC8-4E3C-BB4D-C39078B3D1D6}.Release|x64.Build.0 = Release|x64
		{1A0797A5-6BC8-4E3C-BB4D-C39078B3D1D6}.Release|x86.ActiveCfg = Release|Win32
		{1A0797A5-6BC8-4E3C-BB4D-C39078B3D1D6}.Release|x86.Build.0 = Release|Win32
		{B4CF2FB3-CA15-4CEA-82D1-B0173E01FBD2}.Debug|x64.ActiveCfg = Debug|x64
		{B4CF2FB3-CA15-4CEA-82D1-B0173E01FBD2}.Debug|x64.Build.0 = Debug|x64
		{B4CF2FB3-CA15-4CEA-82D1-B0173E01FBD2}.Debug|x86.ActiveCfg = Debug|Win32
		{B4CF2FB3-CA15-4CEA-82D1-B0173E01FBD2}.Debug|x86.Build.0 = Debug|Win32
		{B4CF2FB3-CA15-4CEA-82D1-B0173E01FBD2}.Release|x64.ActiveCfg = Release|x64
		{B4CF2FB3-CA15-4CEA-82D1-B0173E01FBD2}.Release|x64.Build.0 = Release|x64
		{B4CF2FB3-CA15-4CEA-82D1-B0173E01FBD2}.Release|x86.ActiveCfg = Release|Win32
		{B4CF2FB3-CA15-4CEA-82D1-B0173E01FBD2}.Release|x86.Build.0 = Release|Win32
		{CCC88CD7-9B9E-4D8A-A0D2-E320ABC54084}.Debug|x64.ActiveCfg = Debug|x64
		{CCC88CD7-9B9E-4D8A-A0D2-E320ABC54084}.Debug|x64.Build.0 = Debug|x64
		{CCC88CD7-9B9E-4D8A-A0D2-E320ABC54084}.Debug|x86.ActiveCfg = Debug|Win32
		{CCC88CD7-9B9E-4D8A-A0D2-E320ABC54084}.Debug|x86.Build.0 = Debug|Win32
		{CCC88CD7-9B9E-4D8A-A0D2-E320ABC54084}.Release|x64.ActiveCfg = Release|x64
		{CCC88CD7-9B9E-4D8A-A0D2-E320ABC54084}.Release|x64.Build.0 = Release|x64
		{CCC88CD7-9B9E-4D8A-A0D2-E320ABC54084}.Release|x86.ActiveCfg = Release|Win32
		{CCC88CD7-9B9E-4D8A-A0D2-E320ABC54084}.Release|x86.Build.0 = Release|Win32
		{258613E9-33E6-473D-8DE6-7731603789A2}.Debug|x64.ActiveCfg = Debug|x64
		{258613E9-33E6-473D-8DE6-7731603789A2}.Debug|x64.Build.0 = Debug|x64
		{258613E9-33E6-473D-8DE6-7731603789A2}.Debug|x86.ActiveCfg = Debug|Win32
		{258613E9-33E6-473D-8DE6-7731603789A2}.Debug|x86.Build.0 = Debug|Win32
		{258613E9-33E6-473D-8DE6-7731603789A2}.Release|x64.ActiveCfg = Release|x64
		{258613E9-33E6-473D-8DE6-7731603789A2}.Release|x64.Build.0 = Release|x64
		{258613E9-33E6-473D-8DE6-7731603789A2}.Release|x86.ActiveCfg = Release|Win32
		{258613E9-33E6-473D-8DE6-7731603789A2}.Release|x86.Build.0 = Release|Win32
		{7D3922CB-3048-406B-AD39-C3B9CC5A37B1}.Debug|x64.ActiveCfg = Debug|x64
		{7D3922CB-3048-406B-AD39-C3B9CC5A37B1}.Debug|x64.Build.0 = Debug|x64
		{7D3922CB-3048-406B-AD39-C3B9CC5A37B1}.Debug|x86.ActiveCfg = Debug|Win32
		{7D3922CB-3048-406B-AD39-C3B9CC5A37B1}.Debug|x86.Build.0 = Debug|Win32
		{7D3922CB-3048-406B-AD39-C3B9CC5A37B1}.Release|x64.ActiveCfg = Release|x64
		{7D3922CB-3048-406B-AD39-C3B9CC5A37B1}.Release|x64.Build.0 = Release|x64
		{7D3922CB-3048-406B-AD39-C3B9CC5A37B1}.Release|x86.ActiveCfg = Release|Win32
		{7D3922CB-3048-406B-AD39-C3B9CC5A37B1}.Release|x86.Build.0 = Release|Win32
	EndGlobalSection
	GlobalSection(SolutionProperties) = preSolution
		HideSolutionNode = FALSE
	EndGlobalSection
	GlobalSection(ExtensibilityGlobals) = postSolution
		SolutionGuid = {21522E90-8279-489D-93C9-A58CB111A19C}
	EndGlobalSection
EndGlobal
