<?xml version="1.0" encoding="utf-8"?>
<Project ToolsVersion="4.0" xmlns="http://schemas.microsoft.com/developer/msbuild/2003">
  <ItemGroup>
    <Filter Include="Source">
      <UniqueIdentifier>{471b8231-abec-4765-88b4-c1204102247f}</UniqueIdentifier>
    </Filter>
    <Filter Include="Source\Include">
      <UniqueIdentifier>{3292218a-855e-417c-b0dd-7458ddc93928}</UniqueIdentifier>
    </Filter>
    <Filter Include="Source\Src">
      <UniqueIdentifier>{409f001f-677c-4bf4-ad7c-8bf16c711024}</UniqueIdentifier>
    </Filter>
  </ItemGroup>
  <ItemGroup>
    <ClCompile Include="Source\Main.cpp">
      <Filter>Source</Filter>
    </ClCompile>
  </ItemGroup>
</Project>