<?xml version="1.0" encoding="utf-8"?>
<Project ToolsVersion="4.0" xmlns="http://schemas.microsoft.com/developer/msbuild/2003">
  <ItemGroup>
    <Filter Include="Source">
      <UniqueIdentifier>{471b8231-abec-4765-88b4-c1204102247f}</UniqueIdentifier>
    </Filter>
    <Filter Include="Include">
      <UniqueIdentifier>{1c58ce1d-d368-4817-8bb1-873c23f90f87}</UniqueIdentifier>
    </Filter>
  </ItemGroup>
  <ItemGroup>
    <ClCompile Include="Main.cpp" />
    <ClCompile Include="Source\TypeId.cpp">
      <Filter>Source</Filter>
    </ClCompile>
  </ItemGroup>
  <ItemGroup>
    <ClInclude Include="Include\TypeId.h">
      <Filter>Include</Filter>
    </ClInclude>
    <ClInclude Include="Include\ComponentData.h">
      <Filter>Include</Filter>
    </ClInclude>
    <ClInclude Include="Include\TypeIdInternal.h">
      <Filter>Include</Filter>
    </ClInclude>
  </ItemGroup>
</Project>