<?xml version="1.0" encoding="utf-8"?>
<Project ToolsVersion="4.0" xmlns="http://schemas.microsoft.com/developer/msbuild/2003">
  <ItemGroup>
    <Filter Include="src">
      <UniqueIdentifier>{67DA6AB6-F800-4c08-8B7A-83BB121AAD01}</UniqueIdentifier>
      <Extensions>rc;ico;cur;bmp;dlg;rc2;rct;bin;rgs;gif;jpg;jpeg;jpe;resx;tiff;tif;png;wav;mfcribbon-ms</Extensions>
    </Filter>
    <Filter Include="src\job">
      <UniqueIdentifier>{fe24ebd7-2d12-48fb-b68b-90552d45928d}</UniqueIdentifier>
    </Filter>
  </ItemGroup>
  <ItemGroup>
    <ClInclude Include="..\..\src\job\job.h">
      <Filter>src\job</Filter>
    </ClInclude>
  </ItemGroup>
  <ItemGroup>
    <ClCompile Include="..\..\src\job\main.cpp">
      <Filter>src\job</Filter>
    </ClCompile>
    <ClCompile Include="..\..\src\job\job.cpp">
      <Filter>src\job</Filter>
    </ClCompile>
  </ItemGroup>
</Project>